name: update-flake-lock
on:
  workflow_dispatch:
  schedule:
    - cron: "0 6 * * 1" # every Monday at 06:00 UTC

jobs:
  update:
    runs-on: ubuntu-latest
    permissions:
      contents: write
      pull-requests: write
    steps:
      - uses: actions/checkout@v4
      - uses: DeterminateSystems/nix-installer-action@v16
      - uses: DeterminateSystems/update-flake-lock@v24
        with:
          pr-title: "chore: update flake.lock"
